
Microsoft Visual Studio Solution File, Format Version 12.00
# Visual Studio Version 17
VisualStudioVersion = 17.0.32014.148
MinimumVisualStudioVersion = 10.0.40219.1
Project("{8BC9CEB8-8B4A-11D0-8D11-00A0C91BC942}") = "Homework220112", "Homework220112\Homework220112.vcxproj", "{B63AFA0F-D41D-44C0-92E0-0E226778E868}"
EndProject
Global
	GlobalSection(SolutionConfigurationPlatforms) = preSolution
		Debug|x64 = Debug|x64
		Debug|x86 = Debug|x86
		Release|x64 = Release|x64
		Release|x86 = Release|x86
	EndGlobalSection
	GlobalSection(ProjectConfigurationPlatforms) = postSolution
		{B63AFA0F-D41D-44C0-92E0-0E226778E868}.Debug|x64.ActiveCfg = Debug|x64
		{B63AFA0F-D41D-44C0-92E0-0E226778E868}.Debug|x64.Build.0 = Debug|x64
		{B63AFA0F-D41D-44C0-92E0-0E226778E868}.Debug|x86.ActiveCfg = Debug|Win32
		{B63AFA0F-D41D-44C0-92E0-0E226778E868}.Debug|x86.Build.0 = Debug|Win32
		{B63AFA0F-D41D-44C0-92E0-0E226778E868}.Release|x64.ActiveCfg = Release|x64
		{B63AFA0F-D41D-44C0-92E0-0E226778E868}.Release|x64.Build.0 = Release|x64
		{B63AFA0F-D41D-44C0-92E0-0E226778E868}.Release|x86.ActiveCfg = Release|Win32
		{B63AFA0F-D41D-44C0-92E0-0E226778E868}.Release|x86.Build.0 = Release|Win32
	EndGlobalSection
	GlobalSection(SolutionProperties) = preSolution
		HideSolutionNode = FALSE
	EndGlobalSection
	GlobalSection(ExtensibilityGlobals) = postSolution
		SolutionGuid = {6EFCB1E0-0D3A-4344-86BD-55FCA787C96C}
	EndGlobalSection
EndGlobal
