
Microsoft Visual Studio Solution File, Format Version 12.00
# Visual Studio Version 17
VisualStudioVersion = 17.0.32014.148
MinimumVisualStudioVersion = 10.0.40219.1
Project("{8BC9CEB8-8B4A-11D0-8D11-00A0C91BC942}") = "Homework220112", "Homework220112\Homework220112.vcxproj", "{B63AFA0F-D41D-44C0-92E0-0E226778E868}"
EndProject
Project("{8BC9CEB8-8B4A-11D0-8D11-00A0C91BC942}") = "codep", "codp\codp.vcxproj", "{597E118A-6A7D-4EC8-94D3-953C53E62D4E}"
EndProject
Project("{8BC9CEB8-8B4A-11D0-8D11-00A0C91BC942}") = "축약연산자", "codep2\codep2.vcxproj", "{044079F2-2235-41E2-B7A8-D203702D38F5}"
EndProject
Project("{8BC9CEB8-8B4A-11D0-8D11-00A0C91BC942}") = "실행흐름", "실행흐름\실행흐름.vcxproj", "{B346845E-44D4-45D9-9569-E27EF7A04584}"
EndProject
Project("{8BC9CEB8-8B4A-11D0-8D11-00A0C91BC942}") = "지역,전역변수", "지역,전역변수\지역,전역변수.vcxproj", "{989A5A87-8F69-4B04-80A9-AC2D32794AB4}"
EndProject
Project("{8BC9CEB8-8B4A-11D0-8D11-00A0C91BC942}") = "오버로딩", "오버로딩\오버로딩.vcxproj", "{278F4F18-F4A2-4105-9682-15EAC2E15B81}"
EndProject
Project("{8BC9CEB8-8B4A-11D0-8D11-00A0C91BC942}") = "포인터", "포인터\포인터.vcxproj", "{4BC24B81-A696-42F2-AFC3-EB7CE358883C}"
EndProject
Project("{8BC9CEB8-8B4A-11D0-8D11-00A0C91BC942}") = "포인터Ex", "포인터Ex\포인터Ex.vcxproj", "{A12D712A-73A0-4C85-9EDE-448349D37594}"
EndProject
Project("{8BC9CEB8-8B4A-11D0-8D11-00A0C91BC942}") = "배열", "배열\배열.vcxproj", "{F6269FA6-0737-4318-B461-E21959CA5A7F}"
EndProject
Project("{8BC9CEB8-8B4A-11D0-8D11-00A0C91BC942}") = "포인터함수", "포인터함수\포인터함수.vcxproj", "{3CCB92CB-BC47-4E3A-AC30-BA3456669464}"
EndProject
Project("{8BC9CEB8-8B4A-11D0-8D11-00A0C91BC942}") = "이프", "이프\이프.vcxproj", "{FF0181A2-755C-4852-9C9F-686093D9FC65}"
EndProject
Project("{8BC9CEB8-8B4A-11D0-8D11-00A0C91BC942}") = "스위치", "스위치\스위치.vcxproj", "{D6831C6E-FC54-40A7-B7B7-4C5ACBF601B8}"
EndProject
Project("{8BC9CEB8-8B4A-11D0-8D11-00A0C91BC942}") = "와일", "와일\와일.vcxproj", "{9EF6F48F-C095-4DFB-92F1-3AB309D02060}"
EndProject
Project("{8BC9CEB8-8B4A-11D0-8D11-00A0C91BC942}") = "포", "포\포.vcxproj", "{92085217-0E27-44EF-B64C-86D7627914BC}"
EndProject
Project("{8BC9CEB8-8B4A-11D0-8D11-00A0C91BC942}") = "printf_s", "printf_s\printf_s.vcxproj", "{BE8A3D73-5403-4473-ABD3-1F132A1F3FA8}"
EndProject
Project("{8BC9CEB8-8B4A-11D0-8D11-00A0C91BC942}") = "string", "string\string.vcxproj", "{C7DDA67B-7E8E-40D6-AC2C-C5259B7D46B2}"
EndProject
Project("{8BC9CEB8-8B4A-11D0-8D11-00A0C91BC942}") = "class", "class\class.vcxproj", "{8422E7EB-034E-47BE-8F45-C7A1239E3103}"
EndProject
Project("{8BC9CEB8-8B4A-11D0-8D11-00A0C91BC942}") = "class-member", "class-member\class-member.vcxproj", "{92D3B74A-DCD3-4991-8A4A-2368956D17AF}"
EndProject
Project("{8BC9CEB8-8B4A-11D0-8D11-00A0C91BC942}") = "class-usertype", "class-usertype\class-usertype.vcxproj", "{3A47BAE1-03CC-4F24-A9C3-034029F60B6A}"
EndProject
Project("{8BC9CEB8-8B4A-11D0-8D11-00A0C91BC942}") = "const", "const\const.vcxproj", "{09814ACF-4D1A-4EA0-A351-E744ECBE4931}"
EndProject
Project("{8BC9CEB8-8B4A-11D0-8D11-00A0C91BC942}") = "Jihye", "Jihye\Jihye.vcxproj", "{12CC0F83-9114-4F94-8E06-8DB37B576525}"
EndProject
Project("{8BC9CEB8-8B4A-11D0-8D11-00A0C91BC942}") = "Homework0114", "Homework0114\Homework0114.vcxproj", "{8C1F638E-233E-47A8-9525-4D862D8BD2E1}"
EndProject
Project("{8BC9CEB8-8B4A-11D0-8D11-00A0C91BC942}") = "0", "0\0.vcxproj", "{960C3563-91C2-4B02-81B8-48D450B1D0FE}"
EndProject
Global
	GlobalSection(SolutionConfigurationPlatforms) = preSolution
		Debug|x64 = Debug|x64
		Debug|x86 = Debug|x86
		Release|x64 = Release|x64
		Release|x86 = Release|x86
	EndGlobalSection
	GlobalSection(ProjectConfigurationPlatforms) = postSolution
		{B63AFA0F-D41D-44C0-92E0-0E226778E868}.Debug|x64.ActiveCfg = Debug|x64
		{B63AFA0F-D41D-44C0-92E0-0E226778E868}.Debug|x64.Build.0 = Debug|x64
		{B63AFA0F-D41D-44C0-92E0-0E226778E868}.Debug|x86.ActiveCfg = Debug|Win32
		{B63AFA0F-D41D-44C0-92E0-0E226778E868}.Debug|x86.Build.0 = Debug|Win32
		{B63AFA0F-D41D-44C0-92E0-0E226778E868}.Release|x64.ActiveCfg = Release|x64
		{B63AFA0F-D41D-44C0-92E0-0E226778E868}.Release|x64.Build.0 = Release|x64
		{B63AFA0F-D41D-44C0-92E0-0E226778E868}.Release|x86.ActiveCfg = Release|Win32
		{B63AFA0F-D41D-44C0-92E0-0E226778E868}.Release|x86.Build.0 = Release|Win32
		{597E118A-6A7D-4EC8-94D3-953C53E62D4E}.Debug|x64.ActiveCfg = Debug|x64
		{597E118A-6A7D-4EC8-94D3-953C53E62D4E}.Debug|x64.Build.0 = Debug|x64
		{597E118A-6A7D-4EC8-94D3-953C53E62D4E}.Debug|x86.ActiveCfg = Debug|Win32
		{597E118A-6A7D-4EC8-94D3-953C53E62D4E}.Debug|x86.Build.0 = Debug|Win32
		{597E118A-6A7D-4EC8-94D3-953C53E62D4E}.Release|x64.ActiveCfg = Release|x64
		{597E118A-6A7D-4EC8-94D3-953C53E62D4E}.Release|x64.Build.0 = Release|x64
		{597E118A-6A7D-4EC8-94D3-953C53E62D4E}.Release|x86.ActiveCfg = Release|Win32
		{597E118A-6A7D-4EC8-94D3-953C53E62D4E}.Release|x86.Build.0 = Release|Win32
		{044079F2-2235-41E2-B7A8-D203702D38F5}.Debug|x64.ActiveCfg = Debug|x64
		{044079F2-2235-41E2-B7A8-D203702D38F5}.Debug|x64.Build.0 = Debug|x64
		{044079F2-2235-41E2-B7A8-D203702D38F5}.Debug|x86.ActiveCfg = Debug|Win32
		{044079F2-2235-41E2-B7A8-D203702D38F5}.Debug|x86.Build.0 = Debug|Win32
		{044079F2-2235-41E2-B7A8-D203702D38F5}.Release|x64.ActiveCfg = Release|x64
		{044079F2-2235-41E2-B7A8-D203702D38F5}.Release|x64.Build.0 = Release|x64
		{044079F2-2235-41E2-B7A8-D203702D38F5}.Release|x86.ActiveCfg = Release|Win32
		{044079F2-2235-41E2-B7A8-D203702D38F5}.Release|x86.Build.0 = Release|Win32
		{B346845E-44D4-45D9-9569-E27EF7A04584}.Debug|x64.ActiveCfg = Debug|x64
		{B346845E-44D4-45D9-9569-E27EF7A04584}.Debug|x64.Build.0 = Debug|x64
		{B346845E-44D4-45D9-9569-E27EF7A04584}.Debug|x86.ActiveCfg = Debug|Win32
		{B346845E-44D4-45D9-9569-E27EF7A04584}.Debug|x86.Build.0 = Debug|Win32
		{B346845E-44D4-45D9-9569-E27EF7A04584}.Release|x64.ActiveCfg = Release|x64
		{B346845E-44D4-45D9-9569-E27EF7A04584}.Release|x64.Build.0 = Release|x64
		{B346845E-44D4-45D9-9569-E27EF7A04584}.Release|x86.ActiveCfg = Release|Win32
		{B346845E-44D4-45D9-9569-E27EF7A04584}.Release|x86.Build.0 = Release|Win32
		{989A5A87-8F69-4B04-80A9-AC2D32794AB4}.Debug|x64.ActiveCfg = Debug|x64
		{989A5A87-8F69-4B04-80A9-AC2D32794AB4}.Debug|x64.Build.0 = Debug|x64
		{989A5A87-8F69-4B04-80A9-AC2D32794AB4}.Debug|x86.ActiveCfg = Debug|Win32
		{989A5A87-8F69-4B04-80A9-AC2D32794AB4}.Debug|x86.Build.0 = Debug|Win32
		{989A5A87-8F69-4B04-80A9-AC2D32794AB4}.Release|x64.ActiveCfg = Release|x64
		{989A5A87-8F69-4B04-80A9-AC2D32794AB4}.Release|x64.Build.0 = Release|x64
		{989A5A87-8F69-4B04-80A9-AC2D32794AB4}.Release|x86.ActiveCfg = Release|Win32
		{989A5A87-8F69-4B04-80A9-AC2D32794AB4}.Release|x86.Build.0 = Release|Win32
		{278F4F18-F4A2-4105-9682-15EAC2E15B81}.Debug|x64.ActiveCfg = Debug|x64
		{278F4F18-F4A2-4105-9682-15EAC2E15B81}.Debug|x64.Build.0 = Debug|x64
		{278F4F18-F4A2-4105-9682-15EAC2E15B81}.Debug|x86.ActiveCfg = Debug|Win32
		{278F4F18-F4A2-4105-9682-15EAC2E15B81}.Debug|x86.Build.0 = Debug|Win32
		{278F4F18-F4A2-4105-9682-15EAC2E15B81}.Release|x64.ActiveCfg = Release|x64
		{278F4F18-F4A2-4105-9682-15EAC2E15B81}.Release|x64.Build.0 = Release|x64
		{278F4F18-F4A2-4105-9682-15EAC2E15B81}.Release|x86.ActiveCfg = Release|Win32
		{278F4F18-F4A2-4105-9682-15EAC2E15B81}.Release|x86.Build.0 = Release|Win32
		{4BC24B81-A696-42F2-AFC3-EB7CE358883C}.Debug|x64.ActiveCfg = Debug|x64
		{4BC24B81-A696-42F2-AFC3-EB7CE358883C}.Debug|x64.Build.0 = Debug|x64
		{4BC24B81-A696-42F2-AFC3-EB7CE358883C}.Debug|x86.ActiveCfg = Debug|Win32
		{4BC24B81-A696-42F2-AFC3-EB7CE358883C}.Debug|x86.Build.0 = Debug|Win32
		{4BC24B81-A696-42F2-AFC3-EB7CE358883C}.Release|x64.ActiveCfg = Release|x64
		{4BC24B81-A696-42F2-AFC3-EB7CE358883C}.Release|x64.Build.0 = Release|x64
		{4BC24B81-A696-42F2-AFC3-EB7CE358883C}.Release|x86.ActiveCfg = Release|Win32
		{4BC24B81-A696-42F2-AFC3-EB7CE358883C}.Release|x86.Build.0 = Release|Win32
		{A12D712A-73A0-4C85-9EDE-448349D37594}.Debug|x64.ActiveCfg = Debug|x64
		{A12D712A-73A0-4C85-9EDE-448349D37594}.Debug|x64.Build.0 = Debug|x64
		{A12D712A-73A0-4C85-9EDE-448349D37594}.Debug|x86.ActiveCfg = Debug|Win32
		{A12D712A-73A0-4C85-9EDE-448349D37594}.Debug|x86.Build.0 = Debug|Win32
		{A12D712A-73A0-4C85-9EDE-448349D37594}.Release|x64.ActiveCfg = Release|x64
		{A12D712A-73A0-4C85-9EDE-448349D37594}.Release|x64.Build.0 = Release|x64
		{A12D712A-73A0-4C85-9EDE-448349D37594}.Release|x86.ActiveCfg = Release|Win32
		{A12D712A-73A0-4C85-9EDE-448349D37594}.Release|x86.Build.0 = Release|Win32
		{F6269FA6-0737-4318-B461-E21959CA5A7F}.Debug|x64.ActiveCfg = Debug|x64
		{F6269FA6-0737-4318-B461-E21959CA5A7F}.Debug|x64.Build.0 = Debug|x64
		{F6269FA6-0737-4318-B461-E21959CA5A7F}.Debug|x86.ActiveCfg = Debug|Win32
		{F6269FA6-0737-4318-B461-E21959CA5A7F}.Debug|x86.Build.0 = Debug|Win32
		{F6269FA6-0737-4318-B461-E21959CA5A7F}.Release|x64.ActiveCfg = Release|x64
		{F6269FA6-0737-4318-B461-E21959CA5A7F}.Release|x64.Build.0 = Release|x64
		{F6269FA6-0737-4318-B461-E21959CA5A7F}.Release|x86.ActiveCfg = Release|Win32
		{F6269FA6-0737-4318-B461-E21959CA5A7F}.Release|x86.Build.0 = Release|Win32
		{3CCB92CB-BC47-4E3A-AC30-BA3456669464}.Debug|x64.ActiveCfg = Debug|x64
		{3CCB92CB-BC47-4E3A-AC30-BA3456669464}.Debug|x64.Build.0 = Debug|x64
		{3CCB92CB-BC47-4E3A-AC30-BA3456669464}.Debug|x86.ActiveCfg = Debug|Win32
		{3CCB92CB-BC47-4E3A-AC30-BA3456669464}.Debug|x86.Build.0 = Debug|Win32
		{3CCB92CB-BC47-4E3A-AC30-BA3456669464}.Release|x64.ActiveCfg = Release|x64
		{3CCB92CB-BC47-4E3A-AC30-BA3456669464}.Release|x64.Build.0 = Release|x64
		{3CCB92CB-BC47-4E3A-AC30-BA3456669464}.Release|x86.ActiveCfg = Release|Win32
		{3CCB92CB-BC47-4E3A-AC30-BA3456669464}.Release|x86.Build.0 = Release|Win32
		{FF0181A2-755C-4852-9C9F-686093D9FC65}.Debug|x64.ActiveCfg = Debug|x64
		{FF0181A2-755C-4852-9C9F-686093D9FC65}.Debug|x64.Build.0 = Debug|x64
		{FF0181A2-755C-4852-9C9F-686093D9FC65}.Debug|x86.ActiveCfg = Debug|Win32
		{FF0181A2-755C-4852-9C9F-686093D9FC65}.Debug|x86.Build.0 = Debug|Win32
		{FF0181A2-755C-4852-9C9F-686093D9FC65}.Release|x64.ActiveCfg = Release|x64
		{FF0181A2-755C-4852-9C9F-686093D9FC65}.Release|x64.Build.0 = Release|x64
		{FF0181A2-755C-4852-9C9F-686093D9FC65}.Release|x86.ActiveCfg = Release|Win32
		{FF0181A2-755C-4852-9C9F-686093D9FC65}.Release|x86.Build.0 = Release|Win32
		{D6831C6E-FC54-40A7-B7B7-4C5ACBF601B8}.Debug|x64.ActiveCfg = Debug|x64
		{D6831C6E-FC54-40A7-B7B7-4C5ACBF601B8}.Debug|x64.Build.0 = Debug|x64
		{D6831C6E-FC54-40A7-B7B7-4C5ACBF601B8}.Debug|x86.ActiveCfg = Debug|Win32
		{D6831C6E-FC54-40A7-B7B7-4C5ACBF601B8}.Debug|x86.Build.0 = Debug|Win32
		{D6831C6E-FC54-40A7-B7B7-4C5ACBF601B8}.Release|x64.ActiveCfg = Release|x64
		{D6831C6E-FC54-40A7-B7B7-4C5ACBF601B8}.Release|x64.Build.0 = Release|x64
		{D6831C6E-FC54-40A7-B7B7-4C5ACBF601B8}.Release|x86.ActiveCfg = Release|Win32
		{D6831C6E-FC54-40A7-B7B7-4C5ACBF601B8}.Release|x86.Build.0 = Release|Win32
		{9EF6F48F-C095-4DFB-92F1-3AB309D02060}.Debug|x64.ActiveCfg = Debug|x64
		{9EF6F48F-C095-4DFB-92F1-3AB309D02060}.Debug|x64.Build.0 = Debug|x64
		{9EF6F48F-C095-4DFB-92F1-3AB309D02060}.Debug|x86.ActiveCfg = Debug|Win32
		{9EF6F48F-C095-4DFB-92F1-3AB309D02060}.Debug|x86.Build.0 = Debug|Win32
		{9EF6F48F-C095-4DFB-92F1-3AB309D02060}.Release|x64.ActiveCfg = Release|x64
		{9EF6F48F-C095-4DFB-92F1-3AB309D02060}.Release|x64.Build.0 = Release|x64
		{9EF6F48F-C095-4DFB-92F1-3AB309D02060}.Release|x86.ActiveCfg = Release|Win32
		{9EF6F48F-C095-4DFB-92F1-3AB309D02060}.Release|x86.Build.0 = Release|Win32
		{92085217-0E27-44EF-B64C-86D7627914BC}.Debug|x64.ActiveCfg = Debug|x64
		{92085217-0E27-44EF-B64C-86D7627914BC}.Debug|x64.Build.0 = Debug|x64
		{92085217-0E27-44EF-B64C-86D7627914BC}.Debug|x86.ActiveCfg = Debug|Win32
		{92085217-0E27-44EF-B64C-86D7627914BC}.Debug|x86.Build.0 = Debug|Win32
		{92085217-0E27-44EF-B64C-86D7627914BC}.Release|x64.ActiveCfg = Release|x64
		{92085217-0E27-44EF-B64C-86D7627914BC}.Release|x64.Build.0 = Release|x64
		{92085217-0E27-44EF-B64C-86D7627914BC}.Release|x86.ActiveCfg = Release|Win32
		{92085217-0E27-44EF-B64C-86D7627914BC}.Release|x86.Build.0 = Release|Win32
		{BE8A3D73-5403-4473-ABD3-1F132A1F3FA8}.Debug|x64.ActiveCfg = Debug|x64
		{BE8A3D73-5403-4473-ABD3-1F132A1F3FA8}.Debug|x64.Build.0 = Debug|x64
		{BE8A3D73-5403-4473-ABD3-1F132A1F3FA8}.Debug|x86.ActiveCfg = Debug|Win32
		{BE8A3D73-5403-4473-ABD3-1F132A1F3FA8}.Debug|x86.Build.0 = Debug|Win32
		{BE8A3D73-5403-4473-ABD3-1F132A1F3FA8}.Release|x64.ActiveCfg = Release|x64
		{BE8A3D73-5403-4473-ABD3-1F132A1F3FA8}.Release|x64.Build.0 = Release|x64
		{BE8A3D73-5403-4473-ABD3-1F132A1F3FA8}.Release|x86.ActiveCfg = Release|Win32
		{BE8A3D73-5403-4473-ABD3-1F132A1F3FA8}.Release|x86.Build.0 = Release|Win32
		{C7DDA67B-7E8E-40D6-AC2C-C5259B7D46B2}.Debug|x64.ActiveCfg = Debug|x64
		{C7DDA67B-7E8E-40D6-AC2C-C5259B7D46B2}.Debug|x64.Build.0 = Debug|x64
		{C7DDA67B-7E8E-40D6-AC2C-C5259B7D46B2}.Debug|x86.ActiveCfg = Debug|Win32
		{C7DDA67B-7E8E-40D6-AC2C-C5259B7D46B2}.Debug|x86.Build.0 = Debug|Win32
		{C7DDA67B-7E8E-40D6-AC2C-C5259B7D46B2}.Release|x64.ActiveCfg = Release|x64
		{C7DDA67B-7E8E-40D6-AC2C-C5259B7D46B2}.Release|x64.Build.0 = Release|x64
		{C7DDA67B-7E8E-40D6-AC2C-C5259B7D46B2}.Release|x86.ActiveCfg = Release|Win32
		{C7DDA67B-7E8E-40D6-AC2C-C5259B7D46B2}.Release|x86.Build.0 = Release|Win32
		{8422E7EB-034E-47BE-8F45-C7A1239E3103}.Debug|x64.ActiveCfg = Debug|x64
		{8422E7EB-034E-47BE-8F45-C7A1239E3103}.Debug|x64.Build.0 = Debug|x64
		{8422E7EB-034E-47BE-8F45-C7A1239E3103}.Debug|x86.ActiveCfg = Debug|Win32
		{8422E7EB-034E-47BE-8F45-C7A1239E3103}.Debug|x86.Build.0 = Debug|Win32
		{8422E7EB-034E-47BE-8F45-C7A1239E3103}.Release|x64.ActiveCfg = Release|x64
		{8422E7EB-034E-47BE-8F45-C7A1239E3103}.Release|x64.Build.0 = Release|x64
		{8422E7EB-034E-47BE-8F45-C7A1239E3103}.Release|x86.ActiveCfg = Release|Win32
		{8422E7EB-034E-47BE-8F45-C7A1239E3103}.Release|x86.Build.0 = Release|Win32
		{92D3B74A-DCD3-4991-8A4A-2368956D17AF}.Debug|x64.ActiveCfg = Debug|x64
		{92D3B74A-DCD3-4991-8A4A-2368956D17AF}.Debug|x64.Build.0 = Debug|x64
		{92D3B74A-DCD3-4991-8A4A-2368956D17AF}.Debug|x86.ActiveCfg = Debug|Win32
		{92D3B74A-DCD3-4991-8A4A-2368956D17AF}.Debug|x86.Build.0 = Debug|Win32
		{92D3B74A-DCD3-4991-8A4A-2368956D17AF}.Release|x64.ActiveCfg = Release|x64
		{92D3B74A-DCD3-4991-8A4A-2368956D17AF}.Release|x64.Build.0 = Release|x64
		{92D3B74A-DCD3-4991-8A4A-2368956D17AF}.Release|x86.ActiveCfg = Release|Win32
		{92D3B74A-DCD3-4991-8A4A-2368956D17AF}.Release|x86.Build.0 = Release|Win32
		{3A47BAE1-03CC-4F24-A9C3-034029F60B6A}.Debug|x64.ActiveCfg = Debug|x64
		{3A47BAE1-03CC-4F24-A9C3-034029F60B6A}.Debug|x64.Build.0 = Debug|x64
		{3A47BAE1-03CC-4F24-A9C3-034029F60B6A}.Debug|x86.ActiveCfg = Debug|Win32
		{3A47BAE1-03CC-4F24-A9C3-034029F60B6A}.Debug|x86.Build.0 = Debug|Win32
		{3A47BAE1-03CC-4F24-A9C3-034029F60B6A}.Release|x64.ActiveCfg = Release|x64
		{3A47BAE1-03CC-4F24-A9C3-034029F60B6A}.Release|x64.Build.0 = Release|x64
		{3A47BAE1-03CC-4F24-A9C3-034029F60B6A}.Release|x86.ActiveCfg = Release|Win32
		{3A47BAE1-03CC-4F24-A9C3-034029F60B6A}.Release|x86.Build.0 = Release|Win32
		{09814ACF-4D1A-4EA0-A351-E744ECBE4931}.Debug|x64.ActiveCfg = Debug|x64
		{09814ACF-4D1A-4EA0-A351-E744ECBE4931}.Debug|x64.Build.0 = Debug|x64
		{09814ACF-4D1A-4EA0-A351-E744ECBE4931}.Debug|x86.ActiveCfg = Debug|Win32
		{09814ACF-4D1A-4EA0-A351-E744ECBE4931}.Debug|x86.Build.0 = Debug|Win32
		{09814ACF-4D1A-4EA0-A351-E744ECBE4931}.Release|x64.ActiveCfg = Release|x64
		{09814ACF-4D1A-4EA0-A351-E744ECBE4931}.Release|x64.Build.0 = Release|x64
		{09814ACF-4D1A-4EA0-A351-E744ECBE4931}.Release|x86.ActiveCfg = Release|Win32
		{09814ACF-4D1A-4EA0-A351-E744ECBE4931}.Release|x86.Build.0 = Release|Win32
		{12CC0F83-9114-4F94-8E06-8DB37B576525}.Debug|x64.ActiveCfg = Debug|x64
		{12CC0F83-9114-4F94-8E06-8DB37B576525}.Debug|x64.Build.0 = Debug|x64
		{12CC0F83-9114-4F94-8E06-8DB37B576525}.Debug|x86.ActiveCfg = Debug|Win32
		{12CC0F83-9114-4F94-8E06-8DB37B576525}.Debug|x86.Build.0 = Debug|Win32
		{12CC0F83-9114-4F94-8E06-8DB37B576525}.Release|x64.ActiveCfg = Release|x64
		{12CC0F83-9114-4F94-8E06-8DB37B576525}.Release|x64.Build.0 = Release|x64
		{12CC0F83-9114-4F94-8E06-8DB37B576525}.Release|x86.ActiveCfg = Release|Win32
		{12CC0F83-9114-4F94-8E06-8DB37B576525}.Release|x86.Build.0 = Release|Win32
		{8C1F638E-233E-47A8-9525-4D862D8BD2E1}.Debug|x64.ActiveCfg = Debug|x64
		{8C1F638E-233E-47A8-9525-4D862D8BD2E1}.Debug|x64.Build.0 = Debug|x64
		{8C1F638E-233E-47A8-9525-4D862D8BD2E1}.Debug|x86.ActiveCfg = Debug|Win32
		{8C1F638E-233E-47A8-9525-4D862D8BD2E1}.Debug|x86.Build.0 = Debug|Win32
		{8C1F638E-233E-47A8-9525-4D862D8BD2E1}.Release|x64.ActiveCfg = Release|x64
		{8C1F638E-233E-47A8-9525-4D862D8BD2E1}.Release|x64.Build.0 = Release|x64
		{8C1F638E-233E-47A8-9525-4D862D8BD2E1}.Release|x86.ActiveCfg = Release|Win32
		{8C1F638E-233E-47A8-9525-4D862D8BD2E1}.Release|x86.Build.0 = Release|Win32
		{960C3563-91C2-4B02-81B8-48D450B1D0FE}.Debug|x64.ActiveCfg = Debug|x64
		{960C3563-91C2-4B02-81B8-48D450B1D0FE}.Debug|x64.Build.0 = Debug|x64
		{960C3563-91C2-4B02-81B8-48D450B1D0FE}.Debug|x86.ActiveCfg = Debug|Win32
		{960C3563-91C2-4B02-81B8-48D450B1D0FE}.Debug|x86.Build.0 = Debug|Win32
		{960C3563-91C2-4B02-81B8-48D450B1D0FE}.Release|x64.ActiveCfg = Release|x64
		{960C3563-91C2-4B02-81B8-48D450B1D0FE}.Release|x64.Build.0 = Release|x64
		{960C3563-91C2-4B02-81B8-48D450B1D0FE}.Release|x86.ActiveCfg = Release|Win32
		{960C3563-91C2-4B02-81B8-48D450B1D0FE}.Release|x86.Build.0 = Release|Win32
	EndGlobalSection
	GlobalSection(SolutionProperties) = preSolution
		HideSolutionNode = FALSE
	EndGlobalSection
	GlobalSection(ExtensibilityGlobals) = postSolution
		SolutionGuid = {6EFCB1E0-0D3A-4344-86BD-55FCA787C96C}
	EndGlobalSection
EndGlobal
